<Solution>
  <Folder Name="/Maqas Clean Architecture/">
    <Project Path="Maqas.Domain/Maqas.Domain.csproj" />
    <Project Path="Maqas.Application/Maqas.Application.csproj" />
    <Project Path="Maqas.Infrastructure/Maqas.Infrastructure.csproj" />
    <Project Path="Maqas.API/Maqas.API.csproj" />
    <Project Path="Maqas.MVC/Maqas.MVC.csproj" />
  </Folder>
</Solution>
