
Microsoft Visual Studio Solution File, Format Version 12.00
# Visual Studio Version 17
VisualStudioVersion = 17.0.31903.59
MinimumVisualStudioVersion = 10.0.40219.1
Project("{2150E333-8FDC-42A3-9474-1A3956D46DE8}") = "src", "src", "{827E0CD3-B72D-47B6-A68D-7590B98EB39B}"
EndProject
Project("{FAE04EC0-301F-11D3-BF4B-00C04F79EFBC}") = "MyProject.Domain", "src\MyProject.Domain\MyProject.Domain.csproj", "{6656B3CA-F058-4604-AC35-13440574D2B3}"
EndProject
Project("{FAE04EC0-301F-11D3-BF4B-00C04F79EFBC}") = "MyProject.Application", "src\MyProject.Application\MyProject.Application.csproj", "{72A4A28B-7333-4118-86C7-81D887F52973}"
EndProject
Project("{FAE04EC0-301F-11D3-BF4B-00C04F79EFBC}") = "MyProject.Infrastructure", "src\MyProject.Infrastructure\MyProject.Infrastructure.csproj", "{A740730E-BAE4-4EED-8AB0-7838A2E0B16B}"
EndProject
Project("{FAE04EC0-301F-11D3-BF4B-00C04F79EFBC}") = "MyProject.API", "src\MyProject.API\MyProject.API.csproj", "{85C70A79-D7CE-43D1-A1AA-9C77C234344F}"
EndProject
Project("{FAE04EC0-301F-11D3-BF4B-00C04F79EFBC}") = "MyProject.Web", "src\MyProject.Web\MyProject.Web.csproj", "{730B26B1-21FD-441A-9881-2BA26C79CD67}"
EndProject
Project("{2150E333-8FDC-42A3-9474-1A3956D46DE8}") = "tests", "tests", "{0AB3BF05-4346-4AA6-1389-037BE0695223}"
EndProject
Project("{FAE04EC0-301F-11D3-BF4B-00C04F79EFBC}") = "MyProject.Domain.Tests", "tests\MyProject.Domain.Tests\MyProject.Domain.Tests.csproj", "{B178439E-70B2-449F-BA99-E71B7F0B4D07}"
EndProject
Project("{FAE04EC0-301F-11D3-BF4B-00C04F79EFBC}") = "MyProject.Application.Tests", "tests\MyProject.Application.Tests\MyProject.Application.Tests.csproj", "{F0FC4B53-4713-48B0-A9A7-9116F105EAEA}"
EndProject
Project("{FAE04EC0-301F-11D3-BF4B-00C04F79EFBC}") = "MyProject.Infrastructure.Tests", "tests\MyProject.Infrastructure.Tests\MyProject.Infrastructure.Tests.csproj", "{B7DB2B7D-941B-4571-B1CD-AA044FD64D6A}"
EndProject
Project("{FAE04EC0-301F-11D3-BF4B-00C04F79EFBC}") = "MyProject.API.Tests", "tests\MyProject.API.Tests\MyProject.API.Tests.csproj", "{94235B2C-B608-4138-B9C8-93F40C5BC79B}"
EndProject
Global
	GlobalSection(SolutionConfigurationPlatforms) = preSolution
		Debug|Any CPU = Debug|Any CPU
		Debug|x64 = Debug|x64
		Debug|x86 = Debug|x86
		Release|Any CPU = Release|Any CPU
		Release|x64 = Release|x64
		Release|x86 = Release|x86
	EndGlobalSection
	GlobalSection(ProjectConfigurationPlatforms) = postSolution
		{6656B3CA-F058-4604-AC35-13440574D2B3}.Debug|Any CPU.ActiveCfg = Debug|Any CPU
		{6656B3CA-F058-4604-AC35-13440574D2B3}.Debug|Any CPU.Build.0 = Debug|Any CPU
		{6656B3CA-F058-4604-AC35-13440574D2B3}.Debug|x64.ActiveCfg = Debug|Any CPU
		{6656B3CA-F058-4604-AC35-13440574D2B3}.Debug|x64.Build.0 = Debug|Any CPU
		{6656B3CA-F058-4604-AC35-13440574D2B3}.Debug|x86.ActiveCfg = Debug|Any CPU
		{6656B3CA-F058-4604-AC35-13440574D2B3}.Debug|x86.Build.0 = Debug|Any CPU
		{6656B3CA-F058-4604-AC35-13440574D2B3}.Release|Any CPU.ActiveCfg = Release|Any CPU
		{6656B3CA-F058-4604-AC35-13440574D2B3}.Release|Any CPU.Build.0 = Release|Any CPU
		{6656B3CA-F058-4604-AC35-13440574D2B3}.Release|x64.ActiveCfg = Release|Any CPU
		{6656B3CA-F058-4604-AC35-13440574D2B3}.Release|x64.Build.0 = Release|Any CPU
		{6656B3CA-F058-4604-AC35-13440574D2B3}.Release|x86.ActiveCfg = Release|Any CPU
		{6656B3CA-F058-4604-AC35-13440574D2B3}.Release|x86.Build.0 = Release|Any CPU
		{72A4A28B-7333-4118-86C7-81D887F52973}.Debug|Any CPU.ActiveCfg = Debug|Any CPU
		{72A4A28B-7333-4118-86C7-81D887F52973}.Debug|Any CPU.Build.0 = Debug|Any CPU
		{72A4A28B-7333-4118-86C7-81D887F52973}.Debug|x64.ActiveCfg = Debug|Any CPU
		{72A4A28B-7333-4118-86C7-81D887F52973}.Debug|x64.Build.0 = Debug|Any CPU
		{72A4A28B-7333-4118-86C7-81D887F52973}.Debug|x86.ActiveCfg = Debug|Any CPU
		{72A4A28B-7333-4118-86C7-81D887F52973}.Debug|x86.Build.0 = Debug|Any CPU
		{72A4A28B-7333-4118-86C7-81D887F52973}.Release|Any CPU.ActiveCfg = Release|Any CPU
		{72A4A28B-7333-4118-86C7-81D887F52973}.Release|Any CPU.Build.0 = Release|Any CPU
		{72A4A28B-7333-4118-86C7-81D887F52973}.Release|x64.ActiveCfg = Release|Any CPU
		{72A4A28B-7333-4118-86C7-81D887F52973}.Release|x64.Build.0 = Release|Any CPU
		{72A4A28B-7333-4118-86C7-81D887F52973}.Release|x86.ActiveCfg = Release|Any CPU
		{72A4A28B-7333-4118-86C7-81D887F52973}.Release|x86.Build.0 = Release|Any CPU
		{A740730E-BAE4-4EED-8AB0-7838A2E0B16B}.Debug|Any CPU.ActiveCfg = Debug|Any CPU
		{A740730E-BAE4-4EED-8AB0-7838A2E0B16B}.Debug|Any CPU.Build.0 = Debug|Any CPU
		{A740730E-BAE4-4EED-8AB0-7838A2E0B16B}.Debug|x64.ActiveCfg = Debug|Any CPU
		{A740730E-BAE4-4EED-8AB0-7838A2E0B16B}.Debug|x64.Build.0 = Debug|Any CPU
		{A740730E-BAE4-4EED-8AB0-7838A2E0B16B}.Debug|x86.ActiveCfg = Debug|Any CPU
		{A740730E-BAE4-4EED-8AB0-7838A2E0B16B}.Debug|x86.Build.0 = Debug|Any CPU
		{A740730E-BAE4-4EED-8AB0-7838A2E0B16B}.Release|Any CPU.ActiveCfg = Release|Any CPU
		{A740730E-BAE4-4EED-8AB0-7838A2E0B16B}.Release|Any CPU.Build.0 = Release|Any CPU
		{A740730E-BAE4-4EED-8AB0-7838A2E0B16B}.Release|x64.ActiveCfg = Release|Any CPU
		{A740730E-BAE4-4EED-8AB0-7838A2E0B16B}.Release|x64.Build.0 = Release|Any CPU
		{A740730E-BAE4-4EED-8AB0-7838A2E0B16B}.Release|x86.ActiveCfg = Release|Any CPU
		{A740730E-BAE4-4EED-8AB0-7838A2E0B16B}.Release|x86.Build.0 = Release|Any CPU
		{85C70A79-D7CE-43D1-A1AA-9C77C234344F}.Debug|Any CPU.ActiveCfg = Debug|Any CPU
		{85C70A79-D7CE-43D1-A1AA-9C77C234344F}.Debug|Any CPU.Build.0 = Debug|Any CPU
		{85C70A79-D7CE-43D1-A1AA-9C77C234344F}.Debug|x64.ActiveCfg = Debug|Any CPU
		{85C70A79-D7CE-43D1-A1AA-9C77C234344F}.Debug|x64.Build.0 = Debug|Any CPU
		{85C70A79-D7CE-43D1-A1AA-9C77C234344F}.Debug|x86.ActiveCfg = Debug|Any CPU
		{85C70A79-D7CE-43D1-A1AA-9C77C234344F}.Debug|x86.Build.0 = Debug|Any CPU
		{85C70A79-D7CE-43D1-A1AA-9C77C234344F}.Release|Any CPU.ActiveCfg = Release|Any CPU
		{85C70A79-D7CE-43D1-A1AA-9C77C234344F}.Release|Any CPU.Build.0 = Release|Any CPU
		{85C70A79-D7CE-43D1-A1AA-9C77C234344F}.Release|x64.ActiveCfg = Release|Any CPU
		{85C70A79-D7CE-43D1-A1AA-9C77C234344F}.Release|x64.Build.0 = Release|Any CPU
		{85C70A79-D7CE-43D1-A1AA-9C77C234344F}.Release|x86.ActiveCfg = Release|Any CPU
		{85C70A79-D7CE-43D1-A1AA-9C77C234344F}.Release|x86.Build.0 = Release|Any CPU
		{730B26B1-21FD-441A-9881-2BA26C79CD67}.Debug|Any CPU.ActiveCfg = Debug|Any CPU
		{730B26B1-21FD-441A-9881-2BA26C79CD67}.Debug|Any CPU.Build.0 = Debug|Any CPU
		{730B26B1-21FD-441A-9881-2BA26C79CD67}.Debug|x64.ActiveCfg = Debug|Any CPU
		{730B26B1-21FD-441A-9881-2BA26C79CD67}.Debug|x64.Build.0 = Debug|Any CPU
		{730B26B1-21FD-441A-9881-2BA26C79CD67}.Debug|x86.ActiveCfg = Debug|Any CPU
		{730B26B1-21FD-441A-9881-2BA26C79CD67}.Debug|x86.Build.0 = Debug|Any CPU
		{730B26B1-21FD-441A-9881-2BA26C79CD67}.Release|Any CPU.ActiveCfg = Release|Any CPU
		{730B26B1-21FD-441A-9881-2BA26C79CD67}.Release|Any CPU.Build.0 = Release|Any CPU
		{730B26B1-21FD-441A-9881-2BA26C79CD67}.Release|x64.ActiveCfg = Release|Any CPU
		{730B26B1-21FD-441A-9881-2BA26C79CD67}.Release|x64.Build.0 = Release|Any CPU
		{730B26B1-21FD-441A-9881-2BA26C79CD67}.Release|x86.ActiveCfg = Release|Any CPU
		{730B26B1-21FD-441A-9881-2BA26C79CD67}.Release|x86.Build.0 = Release|Any CPU
		{B178439E-70B2-449F-BA99-E71B7F0B4D07}.Debug|Any CPU.ActiveCfg = Debug|Any CPU
		{B178439E-70B2-449F-BA99-E71B7F0B4D07}.Debug|Any CPU.Build.0 = Debug|Any CPU
		{B178439E-70B2-449F-BA99-E71B7F0B4D07}.Debug|x64.ActiveCfg = Debug|Any CPU
		{B178439E-70B2-449F-BA99-E71B7F0B4D07}.Debug|x64.Build.0 = Debug|Any CPU
		{B178439E-70B2-449F-BA99-E71B7F0B4D07}.Debug|x86.ActiveCfg = Debug|Any CPU
		{B178439E-70B2-449F-BA99-E71B7F0B4D07}.Debug|x86.Build.0 = Debug|Any CPU
		{B178439E-70B2-449F-BA99-E71B7F0B4D07}.Release|Any CPU.ActiveCfg = Release|Any CPU
		{B178439E-70B2-449F-BA99-E71B7F0B4D07}.Release|Any CPU.Build.0 = Release|Any CPU
		{B178439E-70B2-449F-BA99-E71B7F0B4D07}.Release|x64.ActiveCfg = Release|Any CPU
		{B178439E-70B2-449F-BA99-E71B7F0B4D07}.Release|x64.Build.0 = Release|Any CPU
		{B178439E-70B2-449F-BA99-E71B7F0B4D07}.Release|x86.ActiveCfg = Release|Any CPU
		{B178439E-70B2-449F-BA99-E71B7F0B4D07}.Release|x86.Build.0 = Release|Any CPU
		{F0FC4B53-4713-48B0-A9A7-9116F105EAEA}.Debug|Any CPU.ActiveCfg = Debug|Any CPU
		{F0FC4B53-4713-48B0-A9A7-9116F105EAEA}.Debug|Any CPU.Build.0 = Debug|Any CPU
		{F0FC4B53-4713-48B0-A9A7-9116F105EAEA}.Debug|x64.ActiveCfg = Debug|Any CPU
		{F0FC4B53-4713-48B0-A9A7-9116F105EAEA}.Debug|x64.Build.0 = Debug|Any CPU
		{F0FC4B53-4713-48B0-A9A7-9116F105EAEA}.Debug|x86.ActiveCfg = Debug|Any CPU
		{F0FC4B53-4713-48B0-A9A7-9116F105EAEA}.Debug|x86.Build.0 = Debug|Any CPU
		{F0FC4B53-4713-48B0-A9A7-9116F105EAEA}.Release|Any CPU.ActiveCfg = Release|Any CPU
		{F0FC4B53-4713-48B0-A9A7-9116F105EAEA}.Release|Any CPU.Build.0 = Release|Any CPU
		{F0FC4B53-4713-48B0-A9A7-9116F105EAEA}.Release|x64.ActiveCfg = Release|Any CPU
		{F0FC4B53-4713-48B0-A9A7-9116F105EAEA}.Release|x64.Build.0 = Release|Any CPU
		{F0FC4B53-4713-48B0-A9A7-9116F105EAEA}.Release|x86.ActiveCfg = Release|Any CPU
		{F0FC4B53-4713-48B0-A9A7-9116F105EAEA}.Release|x86.Build.0 = Release|Any CPU
		{B7DB2B7D-941B-4571-B1CD-AA044FD64D6A}.Debug|Any CPU.ActiveCfg = Debug|Any CPU
		{B7DB2B7D-941B-4571-B1CD-AA044FD64D6A}.Debug|Any CPU.Build.0 = Debug|Any CPU
		{B7DB2B7D-941B-4571-B1CD-AA044FD64D6A}.Debug|x64.ActiveCfg = Debug|Any CPU
		{B7DB2B7D-941B-4571-B1CD-AA044FD64D6A}.Debug|x64.Build.0 = Debug|Any CPU
		{B7DB2B7D-941B-4571-B1CD-AA044FD64D6A}.Debug|x86.ActiveCfg = Debug|Any CPU
		{B7DB2B7D-941B-4571-B1CD-AA044FD64D6A}.Debug|x86.Build.0 = Debug|Any CPU
		{B7DB2B7D-941B-4571-B1CD-AA044FD64D6A}.Release|Any CPU.ActiveCfg = Release|Any CPU
		{B7DB2B7D-941B-4571-B1CD-AA044FD64D6A}.Release|Any CPU.Build.0 = Release|Any CPU
		{B7DB2B7D-941B-4571-B1CD-AA044FD64D6A}.Release|x64.ActiveCfg = Release|Any CPU
		{B7DB2B7D-941B-4571-B1CD-AA044FD64D6A}.Release|x64.Build.0 = Release|Any CPU
		{B7DB2B7D-941B-4571-B1CD-AA044FD64D6A}.Release|x86.ActiveCfg = Release|Any CPU
		{B7DB2B7D-941B-4571-B1CD-AA044FD64D6A}.Release|x86.Build.0 = Release|Any CPU
		{94235B2C-B608-4138-B9C8-93F40C5BC79B}.Debug|Any CPU.ActiveCfg = Debug|Any CPU
		{94235B2C-B608-4138-B9C8-93F40C5BC79B}.Debug|Any CPU.Build.0 = Debug|Any CPU
		{94235B2C-B608-4138-B9C8-93F40C5BC79B}.Debug|x64.ActiveCfg = Debug|Any CPU
		{94235B2C-B608-4138-B9C8-93F40C5BC79B}.Debug|x64.Build.0 = Debug|Any CPU
		{94235B2C-B608-4138-B9C8-93F40C5BC79B}.Debug|x86.ActiveCfg = Debug|Any CPU
		{94235B2C-B608-4138-B9C8-93F40C5BC79B}.Debug|x86.Build.0 = Debug|Any CPU
		{94235B2C-B608-4138-B9C8-93F40C5BC79B}.Release|Any CPU.ActiveCfg = Release|Any CPU
		{94235B2C-B608-4138-B9C8-93F40C5BC79B}.Release|Any CPU.Build.0 = Release|Any CPU
		{94235B2C-B608-4138-B9C8-93F40C5BC79B}.Release|x64.ActiveCfg = Release|Any CPU
		{94235B2C-B608-4138-B9C8-93F40C5BC79B}.Release|x64.Build.0 = Release|Any CPU
		{94235B2C-B608-4138-B9C8-93F40C5BC79B}.Release|x86.ActiveCfg = Release|Any CPU
		{94235B2C-B608-4138-B9C8-93F40C5BC79B}.Release|x86.Build.0 = Release|Any CPU
	EndGlobalSection
	GlobalSection(SolutionProperties) = preSolution
		HideSolutionNode = FALSE
	EndGlobalSection
	GlobalSection(NestedProjects) = preSolution
		{6656B3CA-F058-4604-AC35-13440574D2B3} = {827E0CD3-B72D-47B6-A68D-7590B98EB39B}
		{72A4A28B-7333-4118-86C7-81D887F52973} = {827E0CD3-B72D-47B6-A68D-7590B98EB39B}
		{A740730E-BAE4-4EED-8AB0-7838A2E0B16B} = {827E0CD3-B72D-47B6-A68D-7590B98EB39B}
		{85C70A79-D7CE-43D1-A1AA-9C77C234344F} = {827E0CD3-B72D-47B6-A68D-7590B98EB39B}
		{730B26B1-21FD-441A-9881-2BA26C79CD67} = {827E0CD3-B72D-47B6-A68D-7590B98EB39B}
		{B178439E-70B2-449F-BA99-E71B7F0B4D07} = {0AB3BF05-4346-4AA6-1389-037BE0695223}
		{F0FC4B53-4713-48B0-A9A7-9116F105EAEA} = {0AB3BF05-4346-4AA6-1389-037BE0695223}
		{B7DB2B7D-941B-4571-B1CD-AA044FD64D6A} = {0AB3BF05-4346-4AA6-1389-037BE0695223}
		{94235B2C-B608-4138-B9C8-93F40C5BC79B} = {0AB3BF05-4346-4AA6-1389-037BE0695223}
	EndGlobalSection
EndGlobal
